
Microsoft Visual Studio Solution File, Format Version 12.00
# Visual Studio 15
VisualStudioVersion = 15.0.28010.2026
MinimumVisualStudioVersion = 10.0.40219.1
Project("{9A19103F-16F7-4668-BE54-9A1E7A4F7556}") = "Icatu.EmployeeManager.Domain", "Icatu.EmployeeManagerDomain\Icatu.EmployeeManager.Domain.csproj", "{CEE8EEE0-8C76-46A2-814D-E8F11EBB9650}"
EndProject
Project("{9A19103F-16F7-4668-BE54-9A1E7A4F7556}") = "Icatu.EmployeeManager.Business", "Icatu.EmployeeManagerBusiness\Icatu.EmployeeManager.Business.csproj", "{1166F2AD-725E-4C92-BF2D-1F95BEBD2A7F}"
EndProject
Project("{9A19103F-16F7-4668-BE54-9A1E7A4F7556}") = "Icatu.EmployeeManager.DataAcess", "Icatu.EmployeeManagerDataAcess\Icatu.EmployeeManager.DataAcess.csproj", "{6718C19A-B3E7-402B-939E-0FEF976FA9DC}"
EndProject
Project("{9A19103F-16F7-4668-BE54-9A1E7A4F7556}") = "Icatu.EmployeeManager.IntegratedTest", "Icatu.EmployeeManagerTestIntegrated\Icatu.EmployeeManager.IntegratedTest.csproj", "{F2A5C048-E880-497A-81C1-9C84BE1BD0CD}"
EndProject
Project("{9A19103F-16F7-4668-BE54-9A1E7A4F7556}") = "Icatu.EmployeeManager.UnitTest", "Icatu.EmployeeManagerTestUnit\Icatu.EmployeeManager.UnitTest.csproj", "{7EF89376-C8A0-40D8-AD99-4936C89D662F}"
EndProject
Project("{9A19103F-16F7-4668-BE54-9A1E7A4F7556}") = "Icatu.EmployeeManager.WebAPI", "Icatu.EmployeeManagerWebAPI\Icatu.EmployeeManager.WebAPI.csproj", "{62F84B37-55E0-4FF8-BD24-642961B721D0}"
EndProject
Global
	GlobalSection(SolutionConfigurationPlatforms) = preSolution
		Debug|Any CPU = Debug|Any CPU
		Release|Any CPU = Release|Any CPU
	EndGlobalSection
	GlobalSection(ProjectConfigurationPlatforms) = postSolution
		{CEE8EEE0-8C76-46A2-814D-E8F11EBB9650}.Debug|Any CPU.ActiveCfg = Debug|Any CPU
		{CEE8EEE0-8C76-46A2-814D-E8F11EBB9650}.Debug|Any CPU.Build.0 = Debug|Any CPU
		{CEE8EEE0-8C76-46A2-814D-E8F11EBB9650}.Release|Any CPU.ActiveCfg = Release|Any CPU
		{CEE8EEE0-8C76-46A2-814D-E8F11EBB9650}.Release|Any CPU.Build.0 = Release|Any CPU
		{1166F2AD-725E-4C92-BF2D-1F95BEBD2A7F}.Debug|Any CPU.ActiveCfg = Debug|Any CPU
		{1166F2AD-725E-4C92-BF2D-1F95BEBD2A7F}.Debug|Any CPU.Build.0 = Debug|Any CPU
		{1166F2AD-725E-4C92-BF2D-1F95BEBD2A7F}.Release|Any CPU.ActiveCfg = Release|Any CPU
		{1166F2AD-725E-4C92-BF2D-1F95BEBD2A7F}.Release|Any CPU.Build.0 = Release|Any CPU
		{6718C19A-B3E7-402B-939E-0FEF976FA9DC}.Debug|Any CPU.ActiveCfg = Debug|Any CPU
		{6718C19A-B3E7-402B-939E-0FEF976FA9DC}.Debug|Any CPU.Build.0 = Debug|Any CPU
		{6718C19A-B3E7-402B-939E-0FEF976FA9DC}.Release|Any CPU.ActiveCfg = Release|Any CPU
		{6718C19A-B3E7-402B-939E-0FEF976FA9DC}.Release|Any CPU.Build.0 = Release|Any CPU
		{F2A5C048-E880-497A-81C1-9C84BE1BD0CD}.Debug|Any CPU.ActiveCfg = Debug|Any CPU
		{F2A5C048-E880-497A-81C1-9C84BE1BD0CD}.Debug|Any CPU.Build.0 = Debug|Any CPU
		{F2A5C048-E880-497A-81C1-9C84BE1BD0CD}.Release|Any CPU.ActiveCfg = Release|Any CPU
		{F2A5C048-E880-497A-81C1-9C84BE1BD0CD}.Release|Any CPU.Build.0 = Release|Any CPU
		{7EF89376-C8A0-40D8-AD99-4936C89D662F}.Debug|Any CPU.ActiveCfg = Debug|Any CPU
		{7EF89376-C8A0-40D8-AD99-4936C89D662F}.Debug|Any CPU.Build.0 = Debug|Any CPU
		{7EF89376-C8A0-40D8-AD99-4936C89D662F}.Release|Any CPU.ActiveCfg = Release|Any CPU
		{7EF89376-C8A0-40D8-AD99-4936C89D662F}.Release|Any CPU.Build.0 = Release|Any CPU
		{62F84B37-55E0-4FF8-BD24-642961B721D0}.Debug|Any CPU.ActiveCfg = Debug|Any CPU
		{62F84B37-55E0-4FF8-BD24-642961B721D0}.Debug|Any CPU.Build.0 = Debug|Any CPU
		{62F84B37-55E0-4FF8-BD24-642961B721D0}.Release|Any CPU.ActiveCfg = Release|Any CPU
		{62F84B37-55E0-4FF8-BD24-642961B721D0}.Release|Any CPU.Build.0 = Release|Any CPU
	EndGlobalSection
	GlobalSection(SolutionProperties) = preSolution
		HideSolutionNode = FALSE
	EndGlobalSection
	GlobalSection(ExtensibilityGlobals) = postSolution
		SolutionGuid = {181C5395-8FEF-4469-A528-7AFE4E2BFD7F}
	EndGlobalSection
EndGlobal
